
Microsoft Visual Studio Solution File, Format Version 12.00
# Visual Studio Version 17
VisualStudioVersion = 17.5.33530.505
MinimumVisualStudioVersion = 10.0.40219.1
Project("{FAE04EC0-301F-11D3-BF4B-00C04F79EFBC}") = "BookStore.API", "BookStore.API\BookStore.API.csproj", "{0ABFD2D2-012A-4FD8-A24B-CA3B4677E223}"
EndProject
Global
	GlobalSection(SolutionConfigurationPlatforms) = preSolution
		Debug|Any CPU = Debug|Any CPU
		Release|Any CPU = Release|Any CPU
	EndGlobalSection
	GlobalSection(ProjectConfigurationPlatforms) = postSolution
		{0ABFD2D2-012A-4FD8-A24B-CA3B4677E223}.Debug|Any CPU.ActiveCfg = Debug|Any CPU
		{0ABFD2D2-012A-4FD8-A24B-CA3B4677E223}.Debug|Any CPU.Build.0 = Debug|Any CPU
		{0ABFD2D2-012A-4FD8-A24B-CA3B4677E223}.Release|Any CPU.ActiveCfg = Release|Any CPU
		{0ABFD2D2-012A-4FD8-A24B-CA3B4677E223}.Release|Any CPU.Build.0 = Release|Any CPU
	EndGlobalSection
	GlobalSection(SolutionProperties) = preSolution
		HideSolutionNode = FALSE
	EndGlobalSection
	GlobalSection(ExtensibilityGlobals) = postSolution
		SolutionGuid = {B2FF354F-5EA9-460B-BC66-7BFB76413025}
	EndGlobalSection
EndGlobal
